{
    "_readme": [
        "This file locks the dependencies of your project to a known state",
        "Read more about it at https://getcomposer.org/doc/01-basic-usage.md#installing-dependencies",
        "This file is @generated automatically"
    ],
    "content-hash": "48fe246f65133ff18e7b6f264f761fca",
    "packages": [
        {
            "name": "hansschouten/phpagebuilder",
            "version": "v0.22.0",
            "source": {
                "type": "git",
                "url": "https://github.com/HansSchouten/PHPageBuilder.git",
                "reference": "1384bb8d8692b776d3a36c1b3081fd4d6c10822e"
            },
            "dist": {
                "type": "zip",
                "url": "https://api.github.com/repos/HansSchouten/PHPageBuilder/zipball/1384bb8d8692b776d3a36c1b3081fd4d6c10822e",
                "reference": "1384bb8d8692b776d3a36c1b3081fd4d6c10822e",
                "shasum": ""
            },
            "require": {
                "php": ">=7.0"
            },
            "type": "library",
            "autoload": {
                "files": [
                    "src/Core/helpers.php"
                ],
                "psr-4": {
                    "PHPageBuilder\\": "src/"
                }
            },
            "notification-url": "https://packagist.org/downloads/",
            "license": [
                "MIT"
            ],
            "authors": [
                {
                    "name": "Hans Schouten",
                    "email": "hans@falcosolutions.nl"
                }
            ],
            "description": "A drag and drop pagebuilder to manage pages in any PHP project.",
            "homepage": "https://github.com/HansSchouten/PHPagebuilder",
            "keywords": [
                "pagebuilder"
            ],
            "support": {
                "issues": "https://github.com/HansSchouten/PHPageBuilder/issues",
                "source": "https://github.com/HansSchouten/PHPageBuilder/tree/v0.22.0"
            },
            "time": "2022-08-02T13:44:48+00:00"
        }
    ],
    "packages-dev": [],
    "aliases": [],
    "minimum-stability": "stable",
    "stability-flags": [],
    "prefer-stable": false,
    "prefer-lowest": false,
    "platform": [],
    "platform-dev": [],
    "plugin-api-version": "2.3.0"
}
